
Microsoft Visual Studio Solution File, Format Version 12.00
# Visual Studio Version 17
VisualStudioVersion = 17.10.34928.147
MinimumVisualStudioVersion = 10.0.40219.1
Project("{9A19103F-16F7-4668-BE54-9A1E7A4F7556}") = "SqliteFulltextSearch.Api", "src\SqliteFulltextSearch.Api\SqliteFulltextSearch.Api.csproj", "{6B9FC3D9-F7DB-4F5C-8E53-5DF26F573B80}"
EndProject
Project("{9A19103F-16F7-4668-BE54-9A1E7A4F7556}") = "SqliteFulltextSearch.Database", "src\SqliteFulltextSearch.Database\SqliteFulltextSearch.Database.csproj", "{FED0B412-D59E-48ED-A0BD-B098406CC6F2}"
EndProject
Project("{9A19103F-16F7-4668-BE54-9A1E7A4F7556}") = "SqliteFulltextSearch.Shared", "src\SqliteFulltextSearch.Shared\SqliteFulltextSearch.Shared.csproj", "{64181E34-135A-40A9-A3AD-2576880F0C9F}"
EndProject
Project("{9A19103F-16F7-4668-BE54-9A1E7A4F7556}") = "SqliteFulltextSearch.Web.Client", "src\SqliteFulltextSearch.Web.Client\SqliteFulltextSearch.Web.Client.csproj", "{FD42369F-4A42-43BB-94D8-203109D91BC1}"
EndProject
Project("{9A19103F-16F7-4668-BE54-9A1E7A4F7556}") = "SqliteFulltextSearch.Web.Server", "src\SqliteFulltextSearch.Web.Server\SqliteFulltextSearch.Web.Server.csproj", "{ED48DDAE-3581-44DE-A892-CD0F2F9407D7}"
EndProject
Global
	GlobalSection(SolutionConfigurationPlatforms) = preSolution
		Debug|Any CPU = Debug|Any CPU
		Release|Any CPU = Release|Any CPU
	EndGlobalSection
	GlobalSection(ProjectConfigurationPlatforms) = postSolution
		{6B9FC3D9-F7DB-4F5C-8E53-5DF26F573B80}.Debug|Any CPU.ActiveCfg = Debug|Any CPU
		{6B9FC3D9-F7DB-4F5C-8E53-5DF26F573B80}.Debug|Any CPU.Build.0 = Debug|Any CPU
		{6B9FC3D9-F7DB-4F5C-8E53-5DF26F573B80}.Release|Any CPU.ActiveCfg = Release|Any CPU
		{6B9FC3D9-F7DB-4F5C-8E53-5DF26F573B80}.Release|Any CPU.Build.0 = Release|Any CPU
		{FED0B412-D59E-48ED-A0BD-B098406CC6F2}.Debug|Any CPU.ActiveCfg = Debug|Any CPU
		{FED0B412-D59E-48ED-A0BD-B098406CC6F2}.Debug|Any CPU.Build.0 = Debug|Any CPU
		{FED0B412-D59E-48ED-A0BD-B098406CC6F2}.Release|Any CPU.ActiveCfg = Release|Any CPU
		{FED0B412-D59E-48ED-A0BD-B098406CC6F2}.Release|Any CPU.Build.0 = Release|Any CPU
		{64181E34-135A-40A9-A3AD-2576880F0C9F}.Debug|Any CPU.ActiveCfg = Debug|Any CPU
		{64181E34-135A-40A9-A3AD-2576880F0C9F}.Debug|Any CPU.Build.0 = Debug|Any CPU
		{64181E34-135A-40A9-A3AD-2576880F0C9F}.Release|Any CPU.ActiveCfg = Release|Any CPU
		{64181E34-135A-40A9-A3AD-2576880F0C9F}.Release|Any CPU.Build.0 = Release|Any CPU
		{FD42369F-4A42-43BB-94D8-203109D91BC1}.Debug|Any CPU.ActiveCfg = Debug|Any CPU
		{FD42369F-4A42-43BB-94D8-203109D91BC1}.Debug|Any CPU.Build.0 = Debug|Any CPU
		{FD42369F-4A42-43BB-94D8-203109D91BC1}.Release|Any CPU.ActiveCfg = Release|Any CPU
		{FD42369F-4A42-43BB-94D8-203109D91BC1}.Release|Any CPU.Build.0 = Release|Any CPU
		{ED48DDAE-3581-44DE-A892-CD0F2F9407D7}.Debug|Any CPU.ActiveCfg = Debug|Any CPU
		{ED48DDAE-3581-44DE-A892-CD0F2F9407D7}.Debug|Any CPU.Build.0 = Debug|Any CPU
		{ED48DDAE-3581-44DE-A892-CD0F2F9407D7}.Release|Any CPU.ActiveCfg = Release|Any CPU
		{ED48DDAE-3581-44DE-A892-CD0F2F9407D7}.Release|Any CPU.Build.0 = Release|Any CPU
	EndGlobalSection
	GlobalSection(SolutionProperties) = preSolution
		HideSolutionNode = FALSE
	EndGlobalSection
	GlobalSection(ExtensibilityGlobals) = postSolution
		SolutionGuid = {85104025-333E-4C05-8CC8-5DD6BB619F0E}
	EndGlobalSection
EndGlobal
